<?xml version="1.0" encoding="utf-8"?>
<Project ToolsVersion="4.0" xmlns="http://schemas.microsoft.com/developer/msbuild/2003">
  <ItemGroup>
    <Filter Include="소스 파일">
      <UniqueIdentifier>{4FC737F1-C7A5-4376-A066-2A32D752A2FF}</UniqueIdentifier>
      <Extensions>cpp;c;cc;cxx;c++;cppm;ixx;def;odl;idl;hpj;bat;asm;asmx</Extensions>
    </Filter>
    <Filter Include="헤더 파일">
      <UniqueIdentifier>{93995380-89BD-4b04-88EB-625FBE52EBFB}</UniqueIdentifier>
      <Extensions>h;hh;hpp;hxx;h++;hm;inl;inc;ipp;xsd</Extensions>
    </Filter>
    <Filter Include="리소스 파일">
      <UniqueIdentifier>{67DA6AB6-F800-4c08-8B7A-83BB121AAD01}</UniqueIdentifier>
      <Extensions>rc;ico;cur;bmp;dlg;rc2;rct;bin;rgs;gif;jpg;jpeg;jpe;resx;tiff;tif;png;wav;mfcribbon-ms</Extensions>
    </Filter>
    <Filter Include="소스 파일\이것이 코딩테스트다_동빈나_">
      <UniqueIdentifier>{cc71fcec-9b0c-4753-b021-a07dad08fe1e}</UniqueIdentifier>
    </Filter>
    <Filter Include="소스 파일\알고리즘 문제해결 전략_구종만_">
      <UniqueIdentifier>{952d11db-b8d2-4a20-af72-f68c744ec87c}</UniqueIdentifier>
    </Filter>
    <Filter Include="소스 파일\주간코테_">
      <UniqueIdentifier>{87678b8f-3314-4be5-ac09-4b3f7808e6b4}</UniqueIdentifier>
    </Filter>
    <Filter Include="소스 파일\코테연습문제_">
      <UniqueIdentifier>{6a9f3702-8d71-4ffc-bfa5-3031129fd6b4}</UniqueIdentifier>
    </Filter>
    <Filter Include="소스 파일\이것이C++이다_">
      <UniqueIdentifier>{48041956-53bf-4b24-9f3a-892ec68145f4}</UniqueIdentifier>
    </Filter>
  </ItemGroup>
  <ItemGroup>
    <ClCompile Include="..\..\..\..\CodingTest\Study\week_02\Test_2.cpp">
      <Filter>소스 파일\주간코테_</Filter>
    </ClCompile>
    <ClCompile Include="..\..\..\..\CodingTest\Study\week_03\Test_3.cpp">
      <Filter>소스 파일\주간코테_</Filter>
    </ClCompile>
    <ClCompile Include="..\..\..\..\CodingTest\Study\week_04\Test_4.cpp">
      <Filter>소스 파일\주간코테_</Filter>
    </ClCompile>
    <ClCompile Include="..\..\..\..\CodingTest\Study\week_07\Test_7.cpp">
      <Filter>소스 파일\주간코테_</Filter>
    </ClCompile>
    <ClCompile Include="..\..\..\..\CodingTest\Study\week_08\Test_8.cpp">
      <Filter>소스 파일\주간코테_</Filter>
    </ClCompile>
    <ClCompile Include="..\..\..\..\CodingTest\Study\week_09\Test_9.cpp">
      <Filter>소스 파일\주간코테_</Filter>
    </ClCompile>
    <ClCompile Include="..\..\..\..\CodingTest\Study\week_10\Test_10.cpp">
      <Filter>소스 파일\주간코테_</Filter>
    </ClCompile>
    <ClCompile Include="..\..\..\..\CodingTest\Study\week_11\Test_11.cpp">
      <Filter>소스 파일\주간코테_</Filter>
    </ClCompile>
    <ClCompile Include="..\..\..\..\CodingTest\Study\week_12\Test_12.cpp">
      <Filter>소스 파일\주간코테_</Filter>
    </ClCompile>
    <ClCompile Include="..\..\..\..\CodingTest\Study\week_13\Test_13.cpp">
      <Filter>소스 파일\주간코테_</Filter>
    </ClCompile>
    <ClCompile Include="..\..\..\..\CodingTest\Study\week_14\Test_14.cpp">
      <Filter>소스 파일\주간코테_</Filter>
    </ClCompile>
    <ClCompile Include="..\..\..\..\CodingTest\Study\week_15\Test_15.cpp">
      <Filter>소스 파일\주간코테_</Filter>
    </ClCompile>
    <ClCompile Include="..\..\..\..\CodingTest\Study\week_16\Test_16.cpp">
      <Filter>소스 파일\주간코테_</Filter>
    </ClCompile>
    <ClCompile Include="..\..\..\..\CodingTest\Study\week_17\Test_17.cpp">
      <Filter>소스 파일\주간코테_</Filter>
    </ClCompile>
    <ClCompile Include="..\..\..\..\ThisIsCodingTest\Ch03Greedy.cpp">
      <Filter>소스 파일\이것이 코딩테스트다_동빈나_</Filter>
    </ClCompile>
    <ClCompile Include="..\..\..\..\ThisIsCodingTest\Ch04Implementcpp.cpp">
      <Filter>소스 파일\이것이 코딩테스트다_동빈나_</Filter>
    </ClCompile>
    <ClCompile Include="..\..\..\..\ThisIsCodingTest\Ch05DFSBFS.cpp">
      <Filter>소스 파일\이것이 코딩테스트다_동빈나_</Filter>
    </ClCompile>
    <ClCompile Include="..\..\..\..\ThisIsCodingTest\Ch06Sorting.cpp">
      <Filter>소스 파일\이것이 코딩테스트다_동빈나_</Filter>
    </ClCompile>
    <ClCompile Include="..\..\..\..\ThisIsCodingTest\Ch07BinarySearch.cpp">
      <Filter>소스 파일\이것이 코딩테스트다_동빈나_</Filter>
    </ClCompile>
    <ClCompile Include="..\..\..\..\ThisIsCodingTest\Ch08DynamicProgramming.cpp">
      <Filter>소스 파일\이것이 코딩테스트다_동빈나_</Filter>
    </ClCompile>
    <ClCompile Include="..\..\..\..\ThisIsCodingTest\Ch09ShortestPath.cpp">
      <Filter>소스 파일\이것이 코딩테스트다_동빈나_</Filter>
    </ClCompile>
    <ClCompile Include="..\..\..\..\ThisIsCodingTest\Ch10GraphTheory.cpp">
      <Filter>소스 파일\이것이 코딩테스트다_동빈나_</Filter>
    </ClCompile>
    <ClCompile Include="..\..\..\..\AlgorithmProblemSolvingStrategies\algo_01_01.cpp">
      <Filter>소스 파일\알고리즘 문제해결 전략_구종만_</Filter>
    </ClCompile>
    <ClCompile Include="..\..\..\..\ThisIsCPP\TIC_01.cpp">
      <Filter>소스 파일\이것이C++이다_</Filter>
    </ClCompile>
    <ClCompile Include="..\..\..\..\ThisIsCPP\TIC_02.cpp">
      <Filter>소스 파일\이것이C++이다_</Filter>
    </ClCompile>
    <ClCompile Include="..\..\..\..\CodingTest\Study\week_05\Test_05.cpp">
      <Filter>소스 파일\주간코테_</Filter>
    </ClCompile>
    <ClCompile Include="..\..\..\..\CodingTest\Study\week_06\Test_06.cpp">
      <Filter>소스 파일\주간코테_</Filter>
    </ClCompile>
  </ItemGroup>
</Project>