<?xml version="1.0" encoding="utf-8"?>
<Project ToolsVersion="4.0" xmlns="http://schemas.microsoft.com/developer/msbuild/2003">
  <ItemGroup>
    <Filter Include="소스 파일">
      <UniqueIdentifier>{4FC737F1-C7A5-4376-A066-2A32D752A2FF}</UniqueIdentifier>
      <Extensions>cpp;c;cc;cxx;c++;cppm;ixx;def;odl;idl;hpj;bat;asm;asmx</Extensions>
    </Filter>
    <Filter Include="헤더 파일">
      <UniqueIdentifier>{93995380-89BD-4b04-88EB-625FBE52EBFB}</UniqueIdentifier>
      <Extensions>h;hh;hpp;hxx;h++;hm;inl;inc;ipp;xsd</Extensions>
    </Filter>
    <Filter Include="리소스 파일">
      <UniqueIdentifier>{67DA6AB6-F800-4c08-8B7A-83BB121AAD01}</UniqueIdentifier>
      <Extensions>rc;ico;cur;bmp;dlg;rc2;rct;bin;rgs;gif;jpg;jpeg;jpe;resx;tiff;tif;png;wav;mfcribbon-ms</Extensions>
    </Filter>
  </ItemGroup>
  <ItemGroup>
    <ClCompile Include="day003.cpp">
      <Filter>소스 파일</Filter>
    </ClCompile>
    <ClCompile Include="day004.cpp">
      <Filter>소스 파일</Filter>
    </ClCompile>
    <ClCompile Include="..\..\..\..\CodingTest\Study\week_04\Test_4.cpp">
      <Filter>소스 파일</Filter>
    </ClCompile>
    <ClCompile Include="day005.cpp">
      <Filter>소스 파일</Filter>
    </ClCompile>
    <ClCompile Include="day006.cpp">
      <Filter>소스 파일</Filter>
    </ClCompile>
    <ClCompile Include="Test_05.cpp">
      <Filter>소스 파일</Filter>
    </ClCompile>
    <ClCompile Include="day018.cpp">
      <Filter>소스 파일</Filter>
    </ClCompile>
    <ClCompile Include="day019.cpp">
      <Filter>소스 파일</Filter>
    </ClCompile>
    <ClCompile Include="day020.cpp">
      <Filter>소스 파일</Filter>
    </ClCompile>
    <ClCompile Include="Test_6.cpp">
      <Filter>소스 파일</Filter>
    </ClCompile>
    <ClCompile Include="..\..\..\..\CodingTest\Study\week_07\Test_7.cpp">
      <Filter>소스 파일</Filter>
    </ClCompile>
    <ClCompile Include="day024.cpp">
      <Filter>소스 파일</Filter>
    </ClCompile>
    <ClCompile Include="day025.cpp">
      <Filter>소스 파일</Filter>
    </ClCompile>
    <ClCompile Include="day007.cpp">
      <Filter>소스 파일</Filter>
    </ClCompile>
    <ClCompile Include="day008.cpp">
      <Filter>소스 파일</Filter>
    </ClCompile>
    <ClCompile Include="..\..\..\..\CodingTest\Study\week_08\Test_8.cpp">
      <Filter>소스 파일</Filter>
    </ClCompile>
    <ClCompile Include="day010.cpp">
      <Filter>소스 파일</Filter>
    </ClCompile>
    <ClCompile Include="day009.cpp">
      <Filter>소스 파일</Filter>
    </ClCompile>
    <ClCompile Include="day011.cpp">
      <Filter>소스 파일</Filter>
    </ClCompile>
    <ClCompile Include="day012.cpp">
      <Filter>소스 파일</Filter>
    </ClCompile>
    <ClCompile Include="algo_01_01.cpp">
      <Filter>소스 파일</Filter>
    </ClCompile>
    <ClCompile Include="day013.cpp">
      <Filter>소스 파일</Filter>
    </ClCompile>
    <ClCompile Include="day014.cpp">
      <Filter>소스 파일</Filter>
    </ClCompile>
    <ClCompile Include="day015.cpp">
      <Filter>소스 파일</Filter>
    </ClCompile>
    <ClCompile Include="day016.cpp">
      <Filter>소스 파일</Filter>
    </ClCompile>
    <ClCompile Include="day017.cpp">
      <Filter>소스 파일</Filter>
    </ClCompile>
    <ClCompile Include="day021.cpp">
      <Filter>소스 파일</Filter>
    </ClCompile>
    <ClCompile Include="..\..\..\..\CodingTest\Study\week_09\Test_9.cpp">
      <Filter>소스 파일</Filter>
    </ClCompile>
    <ClCompile Include="day022.cpp">
      <Filter>소스 파일</Filter>
    </ClCompile>
    <ClCompile Include="day023.cpp">
      <Filter>소스 파일</Filter>
    </ClCompile>
    <ClCompile Include="..\..\..\..\CodingTest\Study\week_10\Test_10.cpp">
      <Filter>소스 파일</Filter>
    </ClCompile>
    <ClCompile Include="..\..\..\..\CodingTest\Study\week_02\Test_2.cpp">
      <Filter>소스 파일</Filter>
    </ClCompile>
    <ClCompile Include="..\..\..\..\CodingTest\Study\week_03\Test_3.cpp">
      <Filter>소스 파일</Filter>
    </ClCompile>
  </ItemGroup>
</Project>